// !$*UTF8*$!
{
	archiveVersion = 1;
	classes = {
	};
	objectVersion = 46;
	objects = {

/* Begin PBXBuildFile section */
		A116B10D1B61943200B10061 /* PostTVC.swift in Sources */ = {isa = PBXBuildFile; fileRef = A116B10C1B61943200B10061 /* PostTVC.swift */; };
		A116B10F1B61D83400B10061 /* TeamProfileView.swift in Sources */ = {isa = PBXBuildFile; fileRef = A116B10E1B61D83400B10061 /* TeamProfileView.swift */; };
		A116B1111B61D84700B10061 /* TeamProfileView.xib in Resources */ = {isa = PBXBuildFile; fileRef = A116B1101B61D84700B10061 /* TeamProfileView.xib */; };
		A116B1131B61DD1A00B10061 /* ImageViewController.swift in Sources */ = {isa = PBXBuildFile; fileRef = A116B1121B61DD1A00B10061 /* ImageViewController.swift */; };
		A14503E71B4F008B006AC555 /* PostView.swift in Sources */ = {isa = PBXBuildFile; fileRef = A14503E61B4F008B006AC555 /* PostView.swift */; };
		A14503E91B4F04DB006AC555 /* UIReusableView.swift in Sources */ = {isa = PBXBuildFile; fileRef = A14503E81B4F04DB006AC555 /* UIReusableView.swift */; };
		A14585751B4E29BF00C1BD30 /* AppDelegate.swift in Sources */ = {isa = PBXBuildFile; fileRef = A14585741B4E29BF00C1BD30 /* AppDelegate.swift */; };
		A14585771B4E29BF00C1BD30 /* ViewController.swift in Sources */ = {isa = PBXBuildFile; fileRef = A14585761B4E29BF00C1BD30 /* ViewController.swift */; };
		A145857C1B4E29BF00C1BD30 /* Images.xcassets in Resources */ = {isa = PBXBuildFile; fileRef = A145857B1B4E29BF00C1BD30 /* Images.xcassets */; };
		A145857F1B4E29BF00C1BD30 /* LaunchScreen.xib in Resources */ = {isa = PBXBuildFile; fileRef = A145857D1B4E29BF00C1BD30 /* LaunchScreen.xib */; };
		A145858B1B4E29BF00C1BD30 /* FormativeTests.swift in Sources */ = {isa = PBXBuildFile; fileRef = A145858A1B4E29BF00C1BD30 /* FormativeTests.swift */; };
		A14E2D6A1B5D6D8A001666E8 /* Main.storyboard in Resources */ = {isa = PBXBuildFile; fileRef = A14E2D691B5D6D8A001666E8 /* Main.storyboard */; };
		A16984471B5EC47600FD90C9 /* CommentTVC.xib in Sources */ = {isa = PBXBuildFile; fileRef = A16984461B5EC47600FD90C9 /* CommentTVC.xib */; };
		A16984491B5EC61000FD90C9 /* TableViewController.swift in Sources */ = {isa = PBXBuildFile; fileRef = A16984481B5EC61000FD90C9 /* TableViewController.swift */; };
		A1808CD61B669248006771CF /* AudioToolbox.framework in Frameworks */ = {isa = PBXBuildFile; fileRef = A1808CD51B669248006771CF /* AudioToolbox.framework */; };
		A1808CD81B66924E006771CF /* CFNetwork.framework in Frameworks */ = {isa = PBXBuildFile; fileRef = A1808CD71B66924E006771CF /* CFNetwork.framework */; };
		A1808CDA1B669254006771CF /* CoreGraphics.framework in Frameworks */ = {isa = PBXBuildFile; fileRef = A1808CD91B669254006771CF /* CoreGraphics.framework */; };
		A1808CDC1B66925A006771CF /* CoreLocation.framework in Frameworks */ = {isa = PBXBuildFile; fileRef = A1808CDB1B66925A006771CF /* CoreLocation.framework */; };
		A1808CDE1B669261006771CF /* QuartzCore.framework in Frameworks */ = {isa = PBXBuildFile; fileRef = A1808CDD1B669261006771CF /* QuartzCore.framework */; };
		A1808CE01B669267006771CF /* Security.framework in Frameworks */ = {isa = PBXBuildFile; fileRef = A1808CDF1B669267006771CF /* Security.framework */; };
		A1808CE21B66926C006771CF /* StoreKit.framework in Frameworks */ = {isa = PBXBuildFile; fileRef = A1808CE11B66926C006771CF /* StoreKit.framework */; };
		A1808CE41B669275006771CF /* SystemConfiguration.framework in Frameworks */ = {isa = PBXBuildFile; fileRef = A1808CE31B669275006771CF /* SystemConfiguration.framework */; };
		A1808CE61B66927B006771CF /* libz.dylib in Frameworks */ = {isa = PBXBuildFile; fileRef = A1808CE51B66927B006771CF /* libz.dylib */; };
		A1808CE81B669285006771CF /* libsqlite3.dylib in Frameworks */ = {isa = PBXBuildFile; fileRef = A1808CE71B669285006771CF /* libsqlite3.dylib */; };
		A199AD251B6163B6004FE514 /* FeedViewController.swift in Sources */ = {isa = PBXBuildFile; fileRef = A199AD241B6163B6004FE514 /* FeedViewController.swift */; };
		A1A2C2021B66CCAF000AC5C8 /* BrowseTableViewController.swift in Sources */ = {isa = PBXBuildFile; fileRef = A1A2C2011B66CCAF000AC5C8 /* BrowseTableViewController.swift */; };
		A1A2C2041B66D29D000AC5C8 /* JSONManager.swift in Sources */ = {isa = PBXBuildFile; fileRef = A1A2C2031B66D29D000AC5C8 /* JSONManager.swift */; };
		A1A2CD7A1B6020FE00A327DB /* CommentTVC.swift in Sources */ = {isa = PBXBuildFile; fileRef = A1A2CD791B6020FE00A327DB /* CommentTVC.swift */; };
		A1A2CD7C1B60212B00A327DB /* browser_content.htm in Resources */ = {isa = PBXBuildFile; fileRef = A1A2CD7B1B60212B00A327DB /* browser_content.htm */; };
		A1A2CD7E1B60514400A327DB /* LoginViewController.swift in Sources */ = {isa = PBXBuildFile; fileRef = A1A2CD7D1B60514400A327DB /* LoginViewController.swift */; };
		A1A2CD801B6062B500A327DB /* NewUserViewController.swift in Sources */ = {isa = PBXBuildFile; fileRef = A1A2CD7F1B6062B500A327DB /* NewUserViewController.swift */; };
		A1C84EC41B66936C005BE8CC /* Bolts.framework in Frameworks */ = {isa = PBXBuildFile; fileRef = A1C84EBE1B66936C005BE8CC /* Bolts.framework */; };
		A1C84EC51B66936C005BE8CC /* Parse.framework in Frameworks */ = {isa = PBXBuildFile; fileRef = A1C84EBF1B66936C005BE8CC /* Parse.framework */; };
		A1C84EC61B66936C005BE8CC /* ParseCrashReporting.framework in Frameworks */ = {isa = PBXBuildFile; fileRef = A1C84EC01B66936C005BE8CC /* ParseCrashReporting.framework */; };
		A1C84EC71B66936C005BE8CC /* ParseFacebookUtils.framework in Frameworks */ = {isa = PBXBuildFile; fileRef = A1C84EC11B66936C005BE8CC /* ParseFacebookUtils.framework */; };
		A1C84EC81B66936C005BE8CC /* ParseFacebookUtilsV4.framework in Frameworks */ = {isa = PBXBuildFile; fileRef = A1C84EC21B66936C005BE8CC /* ParseFacebookUtilsV4.framework */; };
		A1C84EC91B66936C005BE8CC /* ParseUI.framework in Frameworks */ = {isa = PBXBuildFile; fileRef = A1C84EC31B66936C005BE8CC /* ParseUI.framework */; };
		A1D42DBC1B5DD9410035A5C7 /* CircularImageView.swift in Sources */ = {isa = PBXBuildFile; fileRef = A1D42DBB1B5DD9410035A5C7 /* CircularImageView.swift */; };
		A1FBAFAF1B5D6ED400980086 /* PostView.xib in Resources */ = {isa = PBXBuildFile; fileRef = A1FBAFAE1B5D6ED400980086 /* PostView.xib */; };
		A1FBAFB11B5D748300980086 /* PostProfileView.swift in Sources */ = {isa = PBXBuildFile; fileRef = A1FBAFB01B5D748300980086 /* PostProfileView.swift */; };
		A1FBAFB31B5D749200980086 /* PostProfileView.xib in Resources */ = {isa = PBXBuildFile; fileRef = A1FBAFB21B5D749200980086 /* PostProfileView.xib */; };
		A1FBAFB51B5D76A800980086 /* UIView+RoundCorners.swift in Sources */ = {isa = PBXBuildFile; fileRef = A1FBAFB41B5D76A800980086 /* UIView+RoundCorners.swift */; };
		A1FBAFB91B5D7CB400980086 /* PostFavoritesView.swift in Sources */ = {isa = PBXBuildFile; fileRef = A1FBAFB81B5D7CB400980086 /* PostFavoritesView.swift */; };
		A1FBAFBD1B5D7E5100980086 /* PostFavoritesView.xib in Resources */ = {isa = PBXBuildFile; fileRef = A1FBAFBC1B5D7E5100980086 /* PostFavoritesView.xib */; };
/* End PBXBuildFile section */

/* Begin PBXContainerItemProxy section */
		A14585851B4E29BF00C1BD30 /* PBXContainerItemProxy */ = {
			isa = PBXContainerItemProxy;
			containerPortal = A14585671B4E29BF00C1BD30 /* Project object */;
			proxyType = 1;
			remoteGlobalIDString = A145856E1B4E29BF00C1BD30;
			remoteInfo = Formative;
		};
/* End PBXContainerItemProxy section */

/* Begin PBXFileReference section */
		A116B10C1B61943200B10061 /* PostTVC.swift */ = {isa = PBXFileReference; fileEncoding = 4; lastKnownFileType = sourcecode.swift; path = PostTVC.swift; sourceTree = "<group>"; };
		A116B10E1B61D83400B10061 /* TeamProfileView.swift */ = {isa = PBXFileReference; fileEncoding = 4; lastKnownFileType = sourcecode.swift; path = TeamProfileView.swift; sourceTree = "<group>"; };
		A116B1101B61D84700B10061 /* TeamProfileView.xib */ = {isa = PBXFileReference; fileEncoding = 4; lastKnownFileType = file.xib; path = TeamProfileView.xib; sourceTree = "<group>"; };
		A116B1121B61DD1A00B10061 /* ImageViewController.swift */ = {isa = PBXFileReference; fileEncoding = 4; lastKnownFileType = sourcecode.swift; path = ImageViewController.swift; sourceTree = "<group>"; };
		A14503E61B4F008B006AC555 /* PostView.swift */ = {isa = PBXFileReference; fileEncoding = 4; lastKnownFileType = sourcecode.swift; path = PostView.swift; sourceTree = "<group>"; };
		A14503E81B4F04DB006AC555 /* UIReusableView.swift */ = {isa = PBXFileReference; fileEncoding = 4; lastKnownFileType = sourcecode.swift; path = UIReusableView.swift; sourceTree = "<group>"; };
		A145856F1B4E29BF00C1BD30 /* Formative.app */ = {isa = PBXFileReference; explicitFileType = wrapper.application; includeInIndex = 0; path = Formative.app; sourceTree = BUILT_PRODUCTS_DIR; };
		A14585731B4E29BF00C1BD30 /* Info.plist */ = {isa = PBXFileReference; lastKnownFileType = text.plist.xml; path = Info.plist; sourceTree = "<group>"; };
		A14585741B4E29BF00C1BD30 /* AppDelegate.swift */ = {isa = PBXFileReference; lastKnownFileType = sourcecode.swift; path = AppDelegate.swift; sourceTree = "<group>"; };
		A14585761B4E29BF00C1BD30 /* ViewController.swift */ = {isa = PBXFileReference; lastKnownFileType = sourcecode.swift; path = ViewController.swift; sourceTree = "<group>"; };
		A145857B1B4E29BF00C1BD30 /* Images.xcassets */ = {isa = PBXFileReference; lastKnownFileType = folder.assetcatalog; path = Images.xcassets; sourceTree = "<group>"; };
		A145857E1B4E29BF00C1BD30 /* Base */ = {isa = PBXFileReference; lastKnownFileType = file.xib; name = Base; path = Base.lproj/LaunchScreen.xib; sourceTree = "<group>"; };
		A14585841B4E29BF00C1BD30 /* FormativeTests.xctest */ = {isa = PBXFileReference; explicitFileType = wrapper.cfbundle; includeInIndex = 0; path = FormativeTests.xctest; sourceTree = BUILT_PRODUCTS_DIR; };
		A14585891B4E29BF00C1BD30 /* Info.plist */ = {isa = PBXFileReference; lastKnownFileType = text.plist.xml; path = Info.plist; sourceTree = "<group>"; };
		A145858A1B4E29BF00C1BD30 /* FormativeTests.swift */ = {isa = PBXFileReference; lastKnownFileType = sourcecode.swift; path = FormativeTests.swift; sourceTree = "<group>"; };
		A14E2D691B5D6D8A001666E8 /* Main.storyboard */ = {isa = PBXFileReference; fileEncoding = 4; lastKnownFileType = file.storyboard; path = Main.storyboard; sourceTree = "<group>"; };
		A16984461B5EC47600FD90C9 /* CommentTVC.xib */ = {isa = PBXFileReference; fileEncoding = 4; lastKnownFileType = file.xib; path = CommentTVC.xib; sourceTree = "<group>"; };
		A16984481B5EC61000FD90C9 /* TableViewController.swift */ = {isa = PBXFileReference; fileEncoding = 4; lastKnownFileType = sourcecode.swift; path = TableViewController.swift; sourceTree = "<group>"; };
		A1808CD51B669248006771CF /* AudioToolbox.framework */ = {isa = PBXFileReference; lastKnownFileType = wrapper.framework; name = AudioToolbox.framework; path = System/Library/Frameworks/AudioToolbox.framework; sourceTree = SDKROOT; };
		A1808CD71B66924E006771CF /* CFNetwork.framework */ = {isa = PBXFileReference; lastKnownFileType = wrapper.framework; name = CFNetwork.framework; path = System/Library/Frameworks/CFNetwork.framework; sourceTree = SDKROOT; };
		A1808CD91B669254006771CF /* CoreGraphics.framework */ = {isa = PBXFileReference; lastKnownFileType = wrapper.framework; name = CoreGraphics.framework; path = System/Library/Frameworks/CoreGraphics.framework; sourceTree = SDKROOT; };
		A1808CDB1B66925A006771CF /* CoreLocation.framework */ = {isa = PBXFileReference; lastKnownFileType = wrapper.framework; name = CoreLocation.framework; path = System/Library/Frameworks/CoreLocation.framework; sourceTree = SDKROOT; };
		A1808CDD1B669261006771CF /* QuartzCore.framework */ = {isa = PBXFileReference; lastKnownFileType = wrapper.framework; name = QuartzCore.framework; path = System/Library/Frameworks/QuartzCore.framework; sourceTree = SDKROOT; };
		A1808CDF1B669267006771CF /* Security.framework */ = {isa = PBXFileReference; lastKnownFileType = wrapper.framework; name = Security.framework; path = System/Library/Frameworks/Security.framework; sourceTree = SDKROOT; };
		A1808CE11B66926C006771CF /* StoreKit.framework */ = {isa = PBXFileReference; lastKnownFileType = wrapper.framework; name = StoreKit.framework; path = System/Library/Frameworks/StoreKit.framework; sourceTree = SDKROOT; };
		A1808CE31B669275006771CF /* SystemConfiguration.framework */ = {isa = PBXFileReference; lastKnownFileType = wrapper.framework; name = SystemConfiguration.framework; path = System/Library/Frameworks/SystemConfiguration.framework; sourceTree = SDKROOT; };
		A1808CE51B66927B006771CF /* libz.dylib */ = {isa = PBXFileReference; lastKnownFileType = "compiled.mach-o.dylib"; name = libz.dylib; path = usr/lib/libz.dylib; sourceTree = SDKROOT; };
		A1808CE71B669285006771CF /* libsqlite3.dylib */ = {isa = PBXFileReference; lastKnownFileType = "compiled.mach-o.dylib"; name = libsqlite3.dylib; path = usr/lib/libsqlite3.dylib; sourceTree = SDKROOT; };
		A199AD241B6163B6004FE514 /* FeedViewController.swift */ = {isa = PBXFileReference; fileEncoding = 4; lastKnownFileType = sourcecode.swift; path = FeedViewController.swift; sourceTree = "<group>"; };
		A1A2C2011B66CCAF000AC5C8 /* BrowseTableViewController.swift */ = {isa = PBXFileReference; fileEncoding = 4; lastKnownFileType = sourcecode.swift; path = BrowseTableViewController.swift; sourceTree = "<group>"; };
		A1A2C2031B66D29D000AC5C8 /* JSONManager.swift */ = {isa = PBXFileReference; fileEncoding = 4; lastKnownFileType = sourcecode.swift; path = JSONManager.swift; sourceTree = "<group>"; };
		A1A2CD791B6020FE00A327DB /* CommentTVC.swift */ = {isa = PBXFileReference; fileEncoding = 4; lastKnownFileType = sourcecode.swift; path = CommentTVC.swift; sourceTree = "<group>"; };
		A1A2CD7B1B60212B00A327DB /* browser_content.htm */ = {isa = PBXFileReference; fileEncoding = 4; lastKnownFileType = text.html; path = browser_content.htm; sourceTree = "<group>"; };
		A1A2CD7D1B60514400A327DB /* LoginViewController.swift */ = {isa = PBXFileReference; fileEncoding = 4; lastKnownFileType = sourcecode.swift; path = LoginViewController.swift; sourceTree = "<group>"; };
		A1A2CD7F1B6062B500A327DB /* NewUserViewController.swift */ = {isa = PBXFileReference; fileEncoding = 4; lastKnownFileType = sourcecode.swift; path = NewUserViewController.swift; sourceTree = "<group>"; };
		A1C84EBE1B66936C005BE8CC /* Bolts.framework */ = {isa = PBXFileReference; lastKnownFileType = wrapper.framework; path = Bolts.framework; sourceTree = "<group>"; };
		A1C84EBF1B66936C005BE8CC /* Parse.framework */ = {isa = PBXFileReference; lastKnownFileType = wrapper.framework; path = Parse.framework; sourceTree = "<group>"; };
		A1C84EC01B66936C005BE8CC /* ParseCrashReporting.framework */ = {isa = PBXFileReference; lastKnownFileType = wrapper.framework; path = ParseCrashReporting.framework; sourceTree = "<group>"; };
		A1C84EC11B66936C005BE8CC /* ParseFacebookUtils.framework */ = {isa = PBXFileReference; lastKnownFileType = wrapper.framework; path = ParseFacebookUtils.framework; sourceTree = "<group>"; };
		A1C84EC21B66936C005BE8CC /* ParseFacebookUtilsV4.framework */ = {isa = PBXFileReference; lastKnownFileType = wrapper.framework; path = ParseFacebookUtilsV4.framework; sourceTree = "<group>"; };
		A1C84EC31B66936C005BE8CC /* ParseUI.framework */ = {isa = PBXFileReference; lastKnownFileType = wrapper.framework; path = ParseUI.framework; sourceTree = "<group>"; };
		A1D42DBB1B5DD9410035A5C7 /* CircularImageView.swift */ = {isa = PBXFileReference; fileEncoding = 4; lastKnownFileType = sourcecode.swift; path = CircularImageView.swift; sourceTree = "<group>"; };
		A1FBAFAE1B5D6ED400980086 /* PostView.xib */ = {isa = PBXFileReference; fileEncoding = 4; lastKnownFileType = file.xib; path = PostView.xib; sourceTree = "<group>"; };
		A1FBAFB01B5D748300980086 /* PostProfileView.swift */ = {isa = PBXFileReference; fileEncoding = 4; lastKnownFileType = sourcecode.swift; path = PostProfileView.swift; sourceTree = "<group>"; };
		A1FBAFB21B5D749200980086 /* PostProfileView.xib */ = {isa = PBXFileReference; fileEncoding = 4; lastKnownFileType = file.xib; path = PostProfileView.xib; sourceTree = "<group>"; };
		A1FBAFB41B5D76A800980086 /* UIView+RoundCorners.swift */ = {isa = PBXFileReference; fileEncoding = 4; lastKnownFileType = sourcecode.swift; path = "UIView+RoundCorners.swift"; sourceTree = "<group>"; };
		A1FBAFB81B5D7CB400980086 /* PostFavoritesView.swift */ = {isa = PBXFileReference; fileEncoding = 4; lastKnownFileType = sourcecode.swift; path = PostFavoritesView.swift; sourceTree = "<group>"; };
		A1FBAFBC1B5D7E5100980086 /* PostFavoritesView.xib */ = {isa = PBXFileReference; fileEncoding = 4; lastKnownFileType = file.xib; path = PostFavoritesView.xib; sourceTree = "<group>"; };
/* End PBXFileReference section */

/* Begin PBXFrameworksBuildPhase section */
		A145856C1B4E29BF00C1BD30 /* Frameworks */ = {
			isa = PBXFrameworksBuildPhase;
			buildActionMask = 2147483647;
			files = (
				A1C84EC71B66936C005BE8CC /* ParseFacebookUtils.framework in Frameworks */,
				A1808CE81B669285006771CF /* libsqlite3.dylib in Frameworks */,
				A1808CE61B66927B006771CF /* libz.dylib in Frameworks */,
				A1808CE41B669275006771CF /* SystemConfiguration.framework in Frameworks */,
				A1808CE21B66926C006771CF /* StoreKit.framework in Frameworks */,
				A1808CE01B669267006771CF /* Security.framework in Frameworks */,
				A1C84EC91B66936C005BE8CC /* ParseUI.framework in Frameworks */,
				A1808CDE1B669261006771CF /* QuartzCore.framework in Frameworks */,
				A1808CDC1B66925A006771CF /* CoreLocation.framework in Frameworks */,
				A1808CDA1B669254006771CF /* CoreGraphics.framework in Frameworks */,
				A1C84EC41B66936C005BE8CC /* Bolts.framework in Frameworks */,
				A1808CD81B66924E006771CF /* CFNetwork.framework in Frameworks */,
				A1C84EC51B66936C005BE8CC /* Parse.framework in Frameworks */,
				A1808CD61B669248006771CF /* AudioToolbox.framework in Frameworks */,
				A1C84EC61B66936C005BE8CC /* ParseCrashReporting.framework in Frameworks */,
				A1C84EC81B66936C005BE8CC /* ParseFacebookUtilsV4.framework in Frameworks */,
			);
			runOnlyForDeploymentPostprocessing = 0;
		};
		A14585811B4E29BF00C1BD30 /* Frameworks */ = {
			isa = PBXFrameworksBuildPhase;
			buildActionMask = 2147483647;
			files = (
			);
			runOnlyForDeploymentPostprocessing = 0;
		};
/* End PBXFrameworksBuildPhase section */

/* Begin PBXGroup section */
		A14585661B4E29BF00C1BD30 = {
			isa = PBXGroup;
			children = (
				A14585711B4E29BF00C1BD30 /* Formative */,
				F80620121B6462DE00D30C5E /* Frameworks */,
				A14585701B4E29BF00C1BD30 /* Products */,
				A14585871B4E29BF00C1BD30 /* FormativeTests */,
			);
			sourceTree = "<group>";
		};
		A14585701B4E29BF00C1BD30 /* Products */ = {
			isa = PBXGroup;
			children = (
				A145856F1B4E29BF00C1BD30 /* Formative.app */,
				A14585841B4E29BF00C1BD30 /* FormativeTests.xctest */,
			);
			name = Products;
			sourceTree = "<group>";
		};
		A14585711B4E29BF00C1BD30 /* Formative */ = {
			isa = PBXGroup;
			children = (
				A116B1121B61DD1A00B10061 /* ImageViewController.swift */,
				A1A2CD7F1B6062B500A327DB /* NewUserViewController.swift */,
				A14585761B4E29BF00C1BD30 /* ViewController.swift */,
				A14E2D691B5D6D8A001666E8 /* Main.storyboard */,
				A1A2C2051B66D2A3000AC5C8 /* Model */,
				A1A2C2011B66CCAF000AC5C8 /* BrowseTableViewController.swift */,
				A116B10C1B61943200B10061 /* PostTVC.swift */,
				A199AD241B6163B6004FE514 /* FeedViewController.swift */,
				A1A2CD7D1B60514400A327DB /* LoginViewController.swift */,
				A145857B1B4E29BF00C1BD30 /* Images.xcassets */,
				A1FBAFBA1B5D7E1700980086 /* Xibs */,
				A1FBAFBB1B5D7E2500980086 /* Extensions */,
				A14585721B4E29BF00C1BD30 /* Supporting Files */,
			);
			path = Formative;
			sourceTree = "<group>";
		};
		A14585721B4E29BF00C1BD30 /* Supporting Files */ = {
			isa = PBXGroup;
			children = (
				A14585741B4E29BF00C1BD30 /* AppDelegate.swift */,
				A145857D1B4E29BF00C1BD30 /* LaunchScreen.xib */,
				A14585731B4E29BF00C1BD30 /* Info.plist */,
			);
			name = "Supporting Files";
			sourceTree = "<group>";
		};
		A14585871B4E29BF00C1BD30 /* FormativeTests */ = {
			isa = PBXGroup;
			children = (
				A145858A1B4E29BF00C1BD30 /* FormativeTests.swift */,
				A14585881B4E29BF00C1BD30 /* Supporting Files */,
			);
			path = FormativeTests;
			sourceTree = "<group>";
		};
		A14585881B4E29BF00C1BD30 /* Supporting Files */ = {
			isa = PBXGroup;
			children = (
				A14585891B4E29BF00C1BD30 /* Info.plist */,
			);
			name = "Supporting Files";
			sourceTree = "<group>";
		};
		A1A2C2051B66D2A3000AC5C8 /* Model */ = {
			isa = PBXGroup;
			children = (
				A1A2C2031B66D29D000AC5C8 /* JSONManager.swift */,
			);
			name = Model;
			sourceTree = "<group>";
		};
		A1FBAFBA1B5D7E1700980086 /* Xibs */ = {
			isa = PBXGroup;
			children = (
				A14503E81B4F04DB006AC555 /* UIReusableView.swift */,
				A14503E61B4F008B006AC555 /* PostView.swift */,
				A1FBAFAE1B5D6ED400980086 /* PostView.xib */,
				A16984481B5EC61000FD90C9 /* TableViewController.swift */,
				A1FBAFB01B5D748300980086 /* PostProfileView.swift */,
				A1FBAFB21B5D749200980086 /* PostProfileView.xib */,
				A1FBAFB81B5D7CB400980086 /* PostFavoritesView.swift */,
				A1FBAFBC1B5D7E5100980086 /* PostFavoritesView.xib */,
				A16984461B5EC47600FD90C9 /* CommentTVC.xib */,
				A1A2CD791B6020FE00A327DB /* CommentTVC.swift */,
				A1A2CD7B1B60212B00A327DB /* browser_content.htm */,
				A116B10E1B61D83400B10061 /* TeamProfileView.swift */,
				A116B1101B61D84700B10061 /* TeamProfileView.xib */,
			);
			name = Xibs;
			sourceTree = "<group>";
		};
		A1FBAFBB1B5D7E2500980086 /* Extensions */ = {
			isa = PBXGroup;
			children = (
				A1FBAFB41B5D76A800980086 /* UIView+RoundCorners.swift */,
				A1D42DBB1B5DD9410035A5C7 /* CircularImageView.swift */,
			);
			name = Extensions;
			sourceTree = "<group>";
		};
		F80620121B6462DE00D30C5E /* Frameworks */ = {
			isa = PBXGroup;
			children = (
				A1C84EBE1B66936C005BE8CC /* Bolts.framework */,
				A1C84EBF1B66936C005BE8CC /* Parse.framework */,
				A1C84EC01B66936C005BE8CC /* ParseCrashReporting.framework */,
				A1C84EC11B66936C005BE8CC /* ParseFacebookUtils.framework */,
				A1C84EC21B66936C005BE8CC /* ParseFacebookUtilsV4.framework */,
				A1C84EC31B66936C005BE8CC /* ParseUI.framework */,
				A1808CE71B669285006771CF /* libsqlite3.dylib */,
				A1808CE51B66927B006771CF /* libz.dylib */,
				A1808CE31B669275006771CF /* SystemConfiguration.framework */,
				A1808CE11B66926C006771CF /* StoreKit.framework */,
				A1808CDF1B669267006771CF /* Security.framework */,
				A1808CDD1B669261006771CF /* QuartzCore.framework */,
				A1808CDB1B66925A006771CF /* CoreLocation.framework */,
				A1808CD91B669254006771CF /* CoreGraphics.framework */,
				A1808CD71B66924E006771CF /* CFNetwork.framework */,
				A1808CD51B669248006771CF /* AudioToolbox.framework */,
			);
			name = Frameworks;
			sourceTree = "<group>";
		};
/* End PBXGroup section */

/* Begin PBXNativeTarget section */
		A145856E1B4E29BF00C1BD30 /* Formative */ = {
			isa = PBXNativeTarget;
			buildConfigurationList = A145858E1B4E29BF00C1BD30 /* Build configuration list for PBXNativeTarget "Formative" */;
			buildPhases = (
				A145856B1B4E29BF00C1BD30 /* Sources */,
				A145856C1B4E29BF00C1BD30 /* Frameworks */,
				A145856D1B4E29BF00C1BD30 /* Resources */,
			);
			buildRules = (
			);
			dependencies = (
			);
			name = Formative;
			productName = Formative;
			productReference = A145856F1B4E29BF00C1BD30 /* Formative.app */;
			productType = "com.apple.product-type.application";
		};
		A14585831B4E29BF00C1BD30 /* FormativeTests */ = {
			isa = PBXNativeTarget;
			buildConfigurationList = A14585911B4E29BF00C1BD30 /* Build configuration list for PBXNativeTarget "FormativeTests" */;
			buildPhases = (
				A14585801B4E29BF00C1BD30 /* Sources */,
				A14585811B4E29BF00C1BD30 /* Frameworks */,
				A14585821B4E29BF00C1BD30 /* Resources */,
			);
			buildRules = (
			);
			dependencies = (
				A14585861B4E29BF00C1BD30 /* PBXTargetDependency */,
			);
			name = FormativeTests;
			productName = FormativeTests;
			productReference = A14585841B4E29BF00C1BD30 /* FormativeTests.xctest */;
			productType = "com.apple.product-type.bundle.unit-test";
		};
/* End PBXNativeTarget section */

/* Begin PBXProject section */
		A14585671B4E29BF00C1BD30 /* Project object */ = {
			isa = PBXProject;
			attributes = {
				LastUpgradeCheck = 0640;
				ORGANIZATIONNAME = "Andrew Ke";
				TargetAttributes = {
					A145856E1B4E29BF00C1BD30 = {
						CreatedOnToolsVersion = 6.4;
					};
					A14585831B4E29BF00C1BD30 = {
						CreatedOnToolsVersion = 6.4;
						TestTargetID = A145856E1B4E29BF00C1BD30;
					};
				};
			};
			buildConfigurationList = A145856A1B4E29BF00C1BD30 /* Build configuration list for PBXProject "Formative" */;
			compatibilityVersion = "Xcode 3.2";
			developmentRegion = English;
			hasScannedForEncodings = 0;
			knownRegions = (
				en,
				Base,
			);
			mainGroup = A14585661B4E29BF00C1BD30;
			productRefGroup = A14585701B4E29BF00C1BD30 /* Products */;
			projectDirPath = "";
			projectRoot = "";
			targets = (
				A145856E1B4E29BF00C1BD30 /* Formative */,
				A14585831B4E29BF00C1BD30 /* FormativeTests */,
			);
		};
/* End PBXProject section */

/* Begin PBXResourcesBuildPhase section */
		A145856D1B4E29BF00C1BD30 /* Resources */ = {
			isa = PBXResourcesBuildPhase;
			buildActionMask = 2147483647;
			files = (
				A145857F1B4E29BF00C1BD30 /* LaunchScreen.xib in Resources */,
				A1A2CD7C1B60212B00A327DB /* browser_content.htm in Resources */,
				A145857C1B4E29BF00C1BD30 /* Images.xcassets in Resources */,
				A1FBAFB31B5D749200980086 /* PostProfileView.xib in Resources */,
				A14E2D6A1B5D6D8A001666E8 /* Main.storyboard in Resources */,
				A1FBAFBD1B5D7E5100980086 /* PostFavoritesView.xib in Resources */,
				A1FBAFAF1B5D6ED400980086 /* PostView.xib in Resources */,
				A116B1111B61D84700B10061 /* TeamProfileView.xib in Resources */,
			);
			runOnlyForDeploymentPostprocessing = 0;
		};
		A14585821B4E29BF00C1BD30 /* Resources */ = {
			isa = PBXResourcesBuildPhase;
			buildActionMask = 2147483647;
			files = (
			);
			runOnlyForDeploymentPostprocessing = 0;
		};
/* End PBXResourcesBuildPhase section */

/* Begin PBXSourcesBuildPhase section */
		A145856B1B4E29BF00C1BD30 /* Sources */ = {
			isa = PBXSourcesBuildPhase;
			buildActionMask = 2147483647;
			files = (
				A1A2CD7E1B60514400A327DB /* LoginViewController.swift in Sources */,
				A1A2CD801B6062B500A327DB /* NewUserViewController.swift in Sources */,
				A1A2C2041B66D29D000AC5C8 /* JSONManager.swift in Sources */,
				A1FBAFB51B5D76A800980086 /* UIView+RoundCorners.swift in Sources */,
				A116B1131B61DD1A00B10061 /* ImageViewController.swift in Sources */,
				A116B10F1B61D83400B10061 /* TeamProfileView.swift in Sources */,
				A14585771B4E29BF00C1BD30 /* ViewController.swift in Sources */,
				A1FBAFB91B5D7CB400980086 /* PostFavoritesView.swift in Sources */,
				A1A2CD7A1B6020FE00A327DB /* CommentTVC.swift in Sources */,
				A199AD251B6163B6004FE514 /* FeedViewController.swift in Sources */,
				A16984491B5EC61000FD90C9 /* TableViewController.swift in Sources */,
				A16984471B5EC47600FD90C9 /* CommentTVC.xib in Sources */,
				A14585751B4E29BF00C1BD30 /* AppDelegate.swift in Sources */,
				A1FBAFB11B5D748300980086 /* PostProfileView.swift in Sources */,
				A1D42DBC1B5DD9410035A5C7 /* CircularImageView.swift in Sources */,
				A14503E71B4F008B006AC555 /* PostView.swift in Sources */,
				A116B10D1B61943200B10061 /* PostTVC.swift in Sources */,
				A14503E91B4F04DB006AC555 /* UIReusableView.swift in Sources */,
				A1A2C2021B66CCAF000AC5C8 /* BrowseTableViewController.swift in Sources */,
			);
			runOnlyForDeploymentPostprocessing = 0;
		};
		A14585801B4E29BF00C1BD30 /* Sources */ = {
			isa = PBXSourcesBuildPhase;
			buildActionMask = 2147483647;
			files = (
				A145858B1B4E29BF00C1BD30 /* FormativeTests.swift in Sources */,
			);
			runOnlyForDeploymentPostprocessing = 0;
		};
/* End PBXSourcesBuildPhase section */

/* Begin PBXTargetDependency section */
		A14585861B4E29BF00C1BD30 /* PBXTargetDependency */ = {
			isa = PBXTargetDependency;
			target = A145856E1B4E29BF00C1BD30 /* Formative */;
			targetProxy = A14585851B4E29BF00C1BD30 /* PBXContainerItemProxy */;
		};
/* End PBXTargetDependency section */

/* Begin PBXVariantGroup section */
		A145857D1B4E29BF00C1BD30 /* LaunchScreen.xib */ = {
			isa = PBXVariantGroup;
			children = (
				A145857E1B4E29BF00C1BD30 /* Base */,
			);
			name = LaunchScreen.xib;
			sourceTree = "<group>";
		};
/* End PBXVariantGroup section */

/* Begin XCBuildConfiguration section */
		A145858C1B4E29BF00C1BD30 /* Debug */ = {
			isa = XCBuildConfiguration;
			buildSettings = {
				ALWAYS_SEARCH_USER_PATHS = NO;
				CLANG_CXX_LANGUAGE_STANDARD = "gnu++0x";
				CLANG_CXX_LIBRARY = "libc++";
				CLANG_ENABLE_MODULES = YES;
				CLANG_ENABLE_OBJC_ARC = YES;
				CLANG_WARN_BOOL_CONVERSION = YES;
				CLANG_WARN_CONSTANT_CONVERSION = YES;
				CLANG_WARN_DIRECT_OBJC_ISA_USAGE = YES_ERROR;
				CLANG_WARN_EMPTY_BODY = YES;
				CLANG_WARN_ENUM_CONVERSION = YES;
				CLANG_WARN_INT_CONVERSION = YES;
				CLANG_WARN_OBJC_ROOT_CLASS = YES_ERROR;
				CLANG_WARN_UNREACHABLE_CODE = YES;
				CLANG_WARN__DUPLICATE_METHOD_MATCH = YES;
				"CODE_SIGN_IDENTITY[sdk=iphoneos*]" = "iPhone Developer";
				COPY_PHASE_STRIP = NO;
				DEBUG_INFORMATION_FORMAT = "dwarf-with-dsym";
				ENABLE_STRICT_OBJC_MSGSEND = YES;
				GCC_C_LANGUAGE_STANDARD = gnu99;
				GCC_DYNAMIC_NO_PIC = NO;
				GCC_NO_COMMON_BLOCKS = YES;
				GCC_OPTIMIZATION_LEVEL = 0;
				GCC_PREPROCESSOR_DEFINITIONS = (
					"DEBUG=1",
					"$(inherited)",
				);
				GCC_SYMBOLS_PRIVATE_EXTERN = NO;
				GCC_WARN_64_TO_32_BIT_CONVERSION = YES;
				GCC_WARN_ABOUT_RETURN_TYPE = YES_ERROR;
				GCC_WARN_UNDECLARED_SELECTOR = YES;
				GCC_WARN_UNINITIALIZED_AUTOS = YES_AGGRESSIVE;
				GCC_WARN_UNUSED_FUNCTION = YES;
				GCC_WARN_UNUSED_VARIABLE = YES;
				IPHONEOS_DEPLOYMENT_TARGET = 8.4;
				MTL_ENABLE_DEBUG_INFO = YES;
				ONLY_ACTIVE_ARCH = YES;
				SDKROOT = iphoneos;
				SWIFT_OPTIMIZATION_LEVEL = "-Onone";
				TARGETED_DEVICE_FAMILY = "1,2";
			};
			name = Debug;
		};
		A145858D1B4E29BF00C1BD30 /* Release */ = {
			isa = XCBuildConfiguration;
			buildSettings = {
				ALWAYS_SEARCH_USER_PATHS = NO;
				CLANG_CXX_LANGUAGE_STANDARD = "gnu++0x";
				CLANG_CXX_LIBRARY = "libc++";
				CLANG_ENABLE_MODULES = YES;
				CLANG_ENABLE_OBJC_ARC = YES;
				CLANG_WARN_BOOL_CONVERSION = YES;
				CLANG_WARN_CONSTANT_CONVERSION = YES;
				CLANG_WARN_DIRECT_OBJC_ISA_USAGE = YES_ERROR;
				CLANG_WARN_EMPTY_BODY = YES;
				CLANG_WARN_ENUM_CONVERSION = YES;
				CLANG_WARN_INT_CONVERSION = YES;
				CLANG_WARN_OBJC_ROOT_CLASS = YES_ERROR;
				CLANG_WARN_UNREACHABLE_CODE = YES;
				CLANG_WARN__DUPLICATE_METHOD_MATCH = YES;
				"CODE_SIGN_IDENTITY[sdk=iphoneos*]" = "iPhone Developer";
				COPY_PHASE_STRIP = NO;
				DEBUG_INFORMATION_FORMAT = "dwarf-with-dsym";
				ENABLE_NS_ASSERTIONS = NO;
				ENABLE_STRICT_OBJC_MSGSEND = YES;
				GCC_C_LANGUAGE_STANDARD = gnu99;
				GCC_NO_COMMON_BLOCKS = YES;
				GCC_WARN_64_TO_32_BIT_CONVERSION = YES;
				GCC_WARN_ABOUT_RETURN_TYPE = YES_ERROR;
				GCC_WARN_UNDECLARED_SELECTOR = YES;
				GCC_WARN_UNINITIALIZED_AUTOS = YES_AGGRESSIVE;
				GCC_WARN_UNUSED_FUNCTION = YES;
				GCC_WARN_UNUSED_VARIABLE = YES;
				IPHONEOS_DEPLOYMENT_TARGET = 8.4;
				MTL_ENABLE_DEBUG_INFO = NO;
				SDKROOT = iphoneos;
				TARGETED_DEVICE_FAMILY = "1,2";
				VALIDATE_PRODUCT = YES;
			};
			name = Release;
		};
		A145858F1B4E29BF00C1BD30 /* Debug */ = {
			isa = XCBuildConfiguration;
			buildSettings = {
				ASSETCATALOG_COMPILER_APPICON_NAME = AppIcon;
				CODE_SIGN_IDENTITY = "iPhone Developer";
				FRAMEWORK_SEARCH_PATHS = (
					"$(inherited)",
					/Users/HoonJi/Desktop/Formative.care/Parse/ParseSwiftStarterProject,
					"$(PROJECT_DIR)",
				);
				INFOPLIST_FILE = Formative/Info.plist;
				LD_RUNPATH_SEARCH_PATHS = "$(inherited) @executable_path/Frameworks";
				PRODUCT_NAME = "$(TARGET_NAME)";
			};
			name = Debug;
		};
		A14585901B4E29BF00C1BD30 /* Release */ = {
			isa = XCBuildConfiguration;
			buildSettings = {
				ASSETCATALOG_COMPILER_APPICON_NAME = AppIcon;
				CODE_SIGN_IDENTITY = "iPhone Developer";
				FRAMEWORK_SEARCH_PATHS = (
					"$(inherited)",
					/Users/HoonJi/Desktop/Formative.care/Parse/ParseSwiftStarterProject,
					"$(PROJECT_DIR)",
				);
				INFOPLIST_FILE = Formative/Info.plist;
				LD_RUNPATH_SEARCH_PATHS = "$(inherited) @executable_path/Frameworks";
				PRODUCT_NAME = "$(TARGET_NAME)";
			};
			name = Release;
		};
		A14585921B4E29BF00C1BD30 /* Debug */ = {
			isa = XCBuildConfiguration;
			buildSettings = {
				BUNDLE_LOADER = "$(TEST_HOST)";
				FRAMEWORK_SEARCH_PATHS = (
					"$(SDKROOT)/Developer/Library/Frameworks",
					"$(inherited)",
				);
				GCC_PREPROCESSOR_DEFINITIONS = (
					"DEBUG=1",
					"$(inherited)",
				);
				INFOPLIST_FILE = FormativeTests/Info.plist;
				LD_RUNPATH_SEARCH_PATHS = "$(inherited) @executable_path/Frameworks @loader_path/Frameworks";
				PRODUCT_NAME = "$(TARGET_NAME)";
				TEST_HOST = "$(BUILT_PRODUCTS_DIR)/Formative.app/Formative";
			};
			name = Debug;
		};
		A14585931B4E29BF00C1BD30 /* Release */ = {
			isa = XCBuildConfiguration;
			buildSettings = {
				BUNDLE_LOADER = "$(TEST_HOST)";
				FRAMEWORK_SEARCH_PATHS = (
					"$(SDKROOT)/Developer/Library/Frameworks",
					"$(inherited)",
				);
				INFOPLIST_FILE = FormativeTests/Info.plist;
				LD_RUNPATH_SEARCH_PATHS = "$(inherited) @executable_path/Frameworks @loader_path/Frameworks";
				PRODUCT_NAME = "$(TARGET_NAME)";
				TEST_HOST = "$(BUILT_PRODUCTS_DIR)/Formative.app/Formative";
			};
			name = Release;
		};
/* End XCBuildConfiguration section */

/* Begin XCConfigurationList section */
		A145856A1B4E29BF00C1BD30 /* Build configuration list for PBXProject "Formative" */ = {
			isa = XCConfigurationList;
			buildConfigurations = (
				A145858C1B4E29BF00C1BD30 /* Debug */,
				A145858D1B4E29BF00C1BD30 /* Release */,
			);
			defaultConfigurationIsVisible = 0;
			defaultConfigurationName = Release;
		};
		A145858E1B4E29BF00C1BD30 /* Build configuration list for PBXNativeTarget "Formative" */ = {
			isa = XCConfigurationList;
			buildConfigurations = (
				A145858F1B4E29BF00C1BD30 /* Debug */,
				A14585901B4E29BF00C1BD30 /* Release */,
			);
			defaultConfigurationIsVisible = 0;
			defaultConfigurationName = Release;
		};
		A14585911B4E29BF00C1BD30 /* Build configuration list for PBXNativeTarget "FormativeTests" */ = {
			isa = XCConfigurationList;
			buildConfigurations = (
				A14585921B4E29BF00C1BD30 /* Debug */,
				A14585931B4E29BF00C1BD30 /* Release */,
			);
			defaultConfigurationIsVisible = 0;
			defaultConfigurationName = Release;
		};
/* End XCConfigurationList section */
	};
	rootObject = A14585671B4E29BF00C1BD30 /* Project object */;
}
